
Microsoft Visual Studio Solution File, Format Version 12.00
# Visual Studio Version 17
VisualStudioVersion = 17.0.31919.166
MinimumVisualStudioVersion = 10.0.40219.1
Project("{FAE04EC0-301F-11D3-BF4B-00C04F79EFBC}") = "SynopticProjectChatAgent", "SynopticProjectChatAgent\SynopticProjectChatAgent.csproj", "{0071DA98-1485-426C-973D-73364EDC041A}"
EndProject
Project("{00D1A9C2-B5F0-4AF3-8072-F6C62B433612}") = "ProjectCDataBase", "ProjectCDataBase\ProjectCDataBase.sqlproj", "{4E69333C-54D9-4592-A1BE-CFAD77E350FB}"
EndProject
Global
	GlobalSection(SolutionConfigurationPlatforms) = preSolution
		Debug|Any CPU = Debug|Any CPU
		Release|Any CPU = Release|Any CPU
	EndGlobalSection
	GlobalSection(ProjectConfigurationPlatforms) = postSolution
		{0071DA98-1485-426C-973D-73364EDC041A}.Debug|Any CPU.ActiveCfg = Debug|Any CPU
		{0071DA98-1485-426C-973D-73364EDC041A}.Debug|Any CPU.Build.0 = Debug|Any CPU
		{0071DA98-1485-426C-973D-73364EDC041A}.Release|Any CPU.ActiveCfg = Release|Any CPU
		{0071DA98-1485-426C-973D-73364EDC041A}.Release|Any CPU.Build.0 = Release|Any CPU
		{4E69333C-54D9-4592-A1BE-CFAD77E350FB}.Debug|Any CPU.ActiveCfg = Debug|Any CPU
		{4E69333C-54D9-4592-A1BE-CFAD77E350FB}.Debug|Any CPU.Build.0 = Debug|Any CPU
		{4E69333C-54D9-4592-A1BE-CFAD77E350FB}.Debug|Any CPU.Deploy.0 = Debug|Any CPU
		{4E69333C-54D9-4592-A1BE-CFAD77E350FB}.Release|Any CPU.ActiveCfg = Release|Any CPU
		{4E69333C-54D9-4592-A1BE-CFAD77E350FB}.Release|Any CPU.Build.0 = Release|Any CPU
		{4E69333C-54D9-4592-A1BE-CFAD77E350FB}.Release|Any CPU.Deploy.0 = Release|Any CPU
	EndGlobalSection
	GlobalSection(SolutionProperties) = preSolution
		HideSolutionNode = FALSE
	EndGlobalSection
	GlobalSection(ExtensibilityGlobals) = postSolution
		SolutionGuid = {BFDE4C81-C406-4A15-B6C7-377C80ACEE2E}
	EndGlobalSection
EndGlobal
